
Microsoft Visual Studio Solution File, Format Version 12.00
# Visual Studio Version 17
VisualStudioVersion = 17.3.32901.215
MinimumVisualStudioVersion = 10.0.40219.1
Project("{2150E333-8FDC-42A3-9474-1A3956D46DE8}") = "Solution Items", "Solution Items", "{821F4DCA-092C-422A-AF03-522FDCFF5065}"
	ProjectSection(SolutionItems) = preProject
		.gitignore = .gitignore
		Directory.Build.props = Directory.Build.props
		LICENSE = LICENSE
		README.md = README.md
		stylecop.json = stylecop.json
	EndProjectSection
EndProject
Project("{2150E333-8FDC-42A3-9474-1A3956D46DE8}") = "src", "src", "{412A5D12-9FA9-4FC3-B9CC-5B7042B3DED6}"
EndProject
Project("{2150E333-8FDC-42A3-9474-1A3956D46DE8}") = "test", "test", "{EAC2C115-3FA8-481B-9A34-F9058125539E}"
EndProject
Project("{9A19103F-16F7-4668-BE54-9A1E7A4F7556}") = "Heleonix.Execution.Tests", "test\Heleonix.Execution.Tests\Heleonix.Execution.Tests.csproj", "{E57FEC59-DDA8-4677-824E-BBCC802190B4}"
EndProject
Project("{9A19103F-16F7-4668-BE54-9A1E7A4F7556}") = "Heleonix.Execution.Tests.ExeSimulator", "test\Heleonix.Execution.Tests.ExeSimulator\Heleonix.Execution.Tests.ExeSimulator.csproj", "{60C70AA1-5F9D-4C4D-9399-6D57BC522298}"
EndProject
Project("{9A19103F-16F7-4668-BE54-9A1E7A4F7556}") = "Heleonix.Execution", "src\Heleonix.Execution\Heleonix.Execution.csproj", "{2C5541FC-21A5-462B-8C33-48DDAAB43AF4}"
EndProject
Project("{2150E333-8FDC-42A3-9474-1A3956D46DE8}") = ".github", ".github", "{52A3F854-4587-4DAB-BD00-90060CBA2EC5}"
EndProject
Project("{2150E333-8FDC-42A3-9474-1A3956D46DE8}") = "workflows", "workflows", "{53AC7133-EBF7-42FC-AC84-8976E32C0D3B}"
	ProjectSection(SolutionItems) = preProject
		.github\workflows\pr-net.yml = .github\workflows\pr-net.yml
		.github\workflows\release-net-nuget.yml = .github\workflows\release-net-nuget.yml
	EndProjectSection
EndProject
Global
	GlobalSection(SolutionConfigurationPlatforms) = preSolution
		Debug|Any CPU = Debug|Any CPU
		Release|Any CPU = Release|Any CPU
	EndGlobalSection
	GlobalSection(ProjectConfigurationPlatforms) = postSolution
		{E57FEC59-DDA8-4677-824E-BBCC802190B4}.Debug|Any CPU.ActiveCfg = Debug|Any CPU
		{E57FEC59-DDA8-4677-824E-BBCC802190B4}.Debug|Any CPU.Build.0 = Debug|Any CPU
		{E57FEC59-DDA8-4677-824E-BBCC802190B4}.Release|Any CPU.ActiveCfg = Release|Any CPU
		{E57FEC59-DDA8-4677-824E-BBCC802190B4}.Release|Any CPU.Build.0 = Release|Any CPU
		{60C70AA1-5F9D-4C4D-9399-6D57BC522298}.Debug|Any CPU.ActiveCfg = Debug|Any CPU
		{60C70AA1-5F9D-4C4D-9399-6D57BC522298}.Debug|Any CPU.Build.0 = Debug|Any CPU
		{60C70AA1-5F9D-4C4D-9399-6D57BC522298}.Release|Any CPU.ActiveCfg = Release|Any CPU
		{60C70AA1-5F9D-4C4D-9399-6D57BC522298}.Release|Any CPU.Build.0 = Release|Any CPU
		{2C5541FC-21A5-462B-8C33-48DDAAB43AF4}.Debug|Any CPU.ActiveCfg = Debug|Any CPU
		{2C5541FC-21A5-462B-8C33-48DDAAB43AF4}.Debug|Any CPU.Build.0 = Debug|Any CPU
		{2C5541FC-21A5-462B-8C33-48DDAAB43AF4}.Release|Any CPU.ActiveCfg = Release|Any CPU
		{2C5541FC-21A5-462B-8C33-48DDAAB43AF4}.Release|Any CPU.Build.0 = Release|Any CPU
	EndGlobalSection
	GlobalSection(SolutionProperties) = preSolution
		HideSolutionNode = FALSE
	EndGlobalSection
	GlobalSection(NestedProjects) = preSolution
		{E57FEC59-DDA8-4677-824E-BBCC802190B4} = {EAC2C115-3FA8-481B-9A34-F9058125539E}
		{60C70AA1-5F9D-4C4D-9399-6D57BC522298} = {EAC2C115-3FA8-481B-9A34-F9058125539E}
		{2C5541FC-21A5-462B-8C33-48DDAAB43AF4} = {412A5D12-9FA9-4FC3-B9CC-5B7042B3DED6}
		{53AC7133-EBF7-42FC-AC84-8976E32C0D3B} = {52A3F854-4587-4DAB-BD00-90060CBA2EC5}
	EndGlobalSection
	GlobalSection(ExtensibilityGlobals) = postSolution
		SolutionGuid = {573294B1-A3DA-448C-82D2-32CBD25BDE69}
	EndGlobalSection
EndGlobal
